
Microsoft Visual Studio Solution File, Format Version 12.00
# Visual Studio 15
VisualStudioVersion = 15.0.28307.1433
MinimumVisualStudioVersion = 10.0.40219.1
Project("{FAE04EC0-301F-11D3-BF4B-00C04F79EFBC}") = "G11_TP_PAV", "G11_TP_PAV\G11_TP_PAV.csproj", "{4F511BFF-F5E7-430A-934F-2A9DAA6D56AD}"
EndProject
Global
	GlobalSection(SolutionConfigurationPlatforms) = preSolution
		Debug|Any CPU = Debug|Any CPU
		Release|Any CPU = Release|Any CPU
	EndGlobalSection
	GlobalSection(ProjectConfigurationPlatforms) = postSolution
		{4F511BFF-F5E7-430A-934F-2A9DAA6D56AD}.Debug|Any CPU.ActiveCfg = Debug|Any CPU
		{4F511BFF-F5E7-430A-934F-2A9DAA6D56AD}.Debug|Any CPU.Build.0 = Debug|Any CPU
		{4F511BFF-F5E7-430A-934F-2A9DAA6D56AD}.Release|Any CPU.ActiveCfg = Release|Any CPU
		{4F511BFF-F5E7-430A-934F-2A9DAA6D56AD}.Release|Any CPU.Build.0 = Release|Any CPU
	EndGlobalSection
	GlobalSection(SolutionProperties) = preSolution
		HideSolutionNode = FALSE
	EndGlobalSection
	GlobalSection(ExtensibilityGlobals) = postSolution
		SolutionGuid = {4531CBB0-8350-42CB-A2A7-0AD5612F05A9}
	EndGlobalSection
EndGlobal
